
Microsoft Visual Studio Solution File, Format Version 12.00
# Visual Studio Version 16
VisualStudioVersion = 16.0.31321.278
MinimumVisualStudioVersion = 10.0.40219.1
Project("{FAE04EC0-301F-11D3-BF4B-00C04F79EFBC}") = "EntitySampleApp", "EntitySampleApp.csproj", "{FFC9029E-E733-4023-AC30-9244F3FD68BC}"
EndProject
Global
	GlobalSection(SolutionConfigurationPlatforms) = preSolution
		Debug|Any CPU = Debug|Any CPU
		Release|Any CPU = Release|Any CPU
	EndGlobalSection
	GlobalSection(ProjectConfigurationPlatforms) = postSolution
		{FFC9029E-E733-4023-AC30-9244F3FD68BC}.Debug|Any CPU.ActiveCfg = Debug|Any CPU
		{FFC9029E-E733-4023-AC30-9244F3FD68BC}.Debug|Any CPU.Build.0 = Debug|Any CPU
		{FFC9029E-E733-4023-AC30-9244F3FD68BC}.Release|Any CPU.ActiveCfg = Release|Any CPU
		{FFC9029E-E733-4023-AC30-9244F3FD68BC}.Release|Any CPU.Build.0 = Release|Any CPU
	EndGlobalSection
	GlobalSection(SolutionProperties) = preSolution
		HideSolutionNode = FALSE
	EndGlobalSection
	GlobalSection(ExtensibilityGlobals) = postSolution
		SolutionGuid = {A118504B-64AF-40A9-A417-9330E4EBD1C4}
	EndGlobalSection
EndGlobal
